
Microsoft Visual Studio Solution File, Format Version 12.00
# Visual Studio Version 17
VisualStudioVersion = 17.10.35122.118
MinimumVisualStudioVersion = 10.0.40219.1
Project("{FAE04EC0-301F-11D3-BF4B-00C04F79EFBC}") = "FileReplicator", "FileReplicator.csproj", "{05302C8D-1645-4333-8EB0-0EBD768A8061}"
EndProject
Global
	GlobalSection(SolutionConfigurationPlatforms) = preSolution
		Debug|Any CPU = Debug|Any CPU
		Release|Any CPU = Release|Any CPU
	EndGlobalSection
	GlobalSection(ProjectConfigurationPlatforms) = postSolution
		{05302C8D-1645-4333-8EB0-0EBD768A8061}.Debug|Any CPU.ActiveCfg = Debug|Any CPU
		{05302C8D-1645-4333-8EB0-0EBD768A8061}.Debug|Any CPU.Build.0 = Debug|Any CPU
		{05302C8D-1645-4333-8EB0-0EBD768A8061}.Release|Any CPU.ActiveCfg = Release|Any CPU
		{05302C8D-1645-4333-8EB0-0EBD768A8061}.Release|Any CPU.Build.0 = Release|Any CPU
	EndGlobalSection
	GlobalSection(SolutionProperties) = preSolution
		HideSolutionNode = FALSE
	EndGlobalSection
	GlobalSection(ExtensibilityGlobals) = postSolution
		SolutionGuid = {67CF1417-3A4F-4214-8260-EF3D61DEFE45}
	EndGlobalSection
EndGlobal
